
Microsoft Visual Studio Solution File, Format Version 12.00
# Visual Studio 15
VisualStudioVersion = 15.0.27703.2042
MinimumVisualStudioVersion = 10.0.40219.1
Project("{FAE04EC0-301F-11D3-BF4B-00C04F79EFBC}") = "cherwellTechnical", "cherwellTechnical\cherwellTechnical.csproj", "{BF2B1B3C-61F7-404E-8464-4AE2CF55145B}"
EndProject
Project("{FAE04EC0-301F-11D3-BF4B-00C04F79EFBC}") = "cherwellTechnicalTests", "cherwellTechnicalTests\cherwellTechnicalTests.csproj", "{C32A5FCD-08EA-4AC1-AFCB-412C33EF6532}"
EndProject
Global
	GlobalSection(SolutionConfigurationPlatforms) = preSolution
		Debug|Any CPU = Debug|Any CPU
		Release|Any CPU = Release|Any CPU
	EndGlobalSection
	GlobalSection(ProjectConfigurationPlatforms) = postSolution
		{BF2B1B3C-61F7-404E-8464-4AE2CF55145B}.Debug|Any CPU.ActiveCfg = Debug|Any CPU
		{BF2B1B3C-61F7-404E-8464-4AE2CF55145B}.Debug|Any CPU.Build.0 = Debug|Any CPU
		{BF2B1B3C-61F7-404E-8464-4AE2CF55145B}.Release|Any CPU.ActiveCfg = Release|Any CPU
		{BF2B1B3C-61F7-404E-8464-4AE2CF55145B}.Release|Any CPU.Build.0 = Release|Any CPU
		{C32A5FCD-08EA-4AC1-AFCB-412C33EF6532}.Debug|Any CPU.ActiveCfg = Debug|Any CPU
		{C32A5FCD-08EA-4AC1-AFCB-412C33EF6532}.Debug|Any CPU.Build.0 = Debug|Any CPU
		{C32A5FCD-08EA-4AC1-AFCB-412C33EF6532}.Release|Any CPU.ActiveCfg = Release|Any CPU
		{C32A5FCD-08EA-4AC1-AFCB-412C33EF6532}.Release|Any CPU.Build.0 = Release|Any CPU
	EndGlobalSection
	GlobalSection(SolutionProperties) = preSolution
		HideSolutionNode = FALSE
	EndGlobalSection
	GlobalSection(ExtensibilityGlobals) = postSolution
		SolutionGuid = {AF9FD6B8-3657-41F3-A610-80660DC0E9C4}
	EndGlobalSection
EndGlobal
